
Microsoft Visual Studio Solution File, Format Version 12.00
# Visual Studio Version 16
VisualStudioVersion = 16.0.30523.141
MinimumVisualStudioVersion = 10.0.40219.1
Project("{9A19103F-16F7-4668-BE54-9A1E7A4F7556}") = "RecipeBook.Api", "RecipeBook.Api\RecipeBook.Api.csproj", "{B375F1FD-1D05-4BAE-970A-A143A5702B9C}"
EndProject
Project("{9A19103F-16F7-4668-BE54-9A1E7A4F7556}") = "RecipeBook.DataMappings", "RecipeBook.DataMappings\RecipeBook.DataMappings.csproj", "{A5280990-AAFC-40D0-A7D3-F51B8060E46F}"
EndProject
Project("{9A19103F-16F7-4668-BE54-9A1E7A4F7556}") = "RecipeBook.DataModels", "RecipeBook.DataModels\RecipeBook.DataModels.csproj", "{B26D127B-B8EC-49C0-A1CF-C82A17483849}"
EndProject
Project("{2150E333-8FDC-42A3-9474-1A3956D46DE8}") = "Database", "Database", "{9DF994B8-A2A7-4217-8717-91EA9A2A9F5B}"
EndProject
Project("{2150E333-8FDC-42A3-9474-1A3956D46DE8}") = "Tests", "Tests", "{14675959-6132-480A-BDD9-456988AF45C8}"
EndProject
Project("{FAE04EC0-301F-11D3-BF4B-00C04F79EFBC}") = "RecipeBook.Api.Tests", "RecipeBook.Api.Tests\RecipeBook.Api.Tests.csproj", "{0E706A54-8E99-4B79-B86B-DC324D017D2B}"
EndProject
Project("{FAE04EC0-301F-11D3-BF4B-00C04F79EFBC}") = "RecipeBook.Testing.Utilities", "RecipeBook.Testing.Utilities\RecipeBook.Testing.Utilities.csproj", "{74174CA7-D364-4FE9-924C-E2A981BB6773}"
EndProject
Global
	GlobalSection(SolutionConfigurationPlatforms) = preSolution
		Debug|Any CPU = Debug|Any CPU
		Release|Any CPU = Release|Any CPU
	EndGlobalSection
	GlobalSection(ProjectConfigurationPlatforms) = postSolution
		{B375F1FD-1D05-4BAE-970A-A143A5702B9C}.Debug|Any CPU.ActiveCfg = Debug|Any CPU
		{B375F1FD-1D05-4BAE-970A-A143A5702B9C}.Debug|Any CPU.Build.0 = Debug|Any CPU
		{B375F1FD-1D05-4BAE-970A-A143A5702B9C}.Release|Any CPU.ActiveCfg = Release|Any CPU
		{B375F1FD-1D05-4BAE-970A-A143A5702B9C}.Release|Any CPU.Build.0 = Release|Any CPU
		{A5280990-AAFC-40D0-A7D3-F51B8060E46F}.Debug|Any CPU.ActiveCfg = Debug|Any CPU
		{A5280990-AAFC-40D0-A7D3-F51B8060E46F}.Debug|Any CPU.Build.0 = Debug|Any CPU
		{A5280990-AAFC-40D0-A7D3-F51B8060E46F}.Release|Any CPU.ActiveCfg = Release|Any CPU
		{A5280990-AAFC-40D0-A7D3-F51B8060E46F}.Release|Any CPU.Build.0 = Release|Any CPU
		{B26D127B-B8EC-49C0-A1CF-C82A17483849}.Debug|Any CPU.ActiveCfg = Debug|Any CPU
		{B26D127B-B8EC-49C0-A1CF-C82A17483849}.Debug|Any CPU.Build.0 = Debug|Any CPU
		{B26D127B-B8EC-49C0-A1CF-C82A17483849}.Release|Any CPU.ActiveCfg = Release|Any CPU
		{B26D127B-B8EC-49C0-A1CF-C82A17483849}.Release|Any CPU.Build.0 = Release|Any CPU
		{0E706A54-8E99-4B79-B86B-DC324D017D2B}.Debug|Any CPU.ActiveCfg = Debug|Any CPU
		{0E706A54-8E99-4B79-B86B-DC324D017D2B}.Debug|Any CPU.Build.0 = Debug|Any CPU
		{0E706A54-8E99-4B79-B86B-DC324D017D2B}.Release|Any CPU.ActiveCfg = Release|Any CPU
		{0E706A54-8E99-4B79-B86B-DC324D017D2B}.Release|Any CPU.Build.0 = Release|Any CPU
		{74174CA7-D364-4FE9-924C-E2A981BB6773}.Debug|Any CPU.ActiveCfg = Debug|Any CPU
		{74174CA7-D364-4FE9-924C-E2A981BB6773}.Debug|Any CPU.Build.0 = Debug|Any CPU
		{74174CA7-D364-4FE9-924C-E2A981BB6773}.Release|Any CPU.ActiveCfg = Release|Any CPU
		{74174CA7-D364-4FE9-924C-E2A981BB6773}.Release|Any CPU.Build.0 = Release|Any CPU
	EndGlobalSection
	GlobalSection(SolutionProperties) = preSolution
		HideSolutionNode = FALSE
	EndGlobalSection
	GlobalSection(NestedProjects) = preSolution
		{A5280990-AAFC-40D0-A7D3-F51B8060E46F} = {9DF994B8-A2A7-4217-8717-91EA9A2A9F5B}
		{B26D127B-B8EC-49C0-A1CF-C82A17483849} = {9DF994B8-A2A7-4217-8717-91EA9A2A9F5B}
		{0E706A54-8E99-4B79-B86B-DC324D017D2B} = {14675959-6132-480A-BDD9-456988AF45C8}
		{74174CA7-D364-4FE9-924C-E2A981BB6773} = {14675959-6132-480A-BDD9-456988AF45C8}
	EndGlobalSection
	GlobalSection(ExtensibilityGlobals) = postSolution
		SolutionGuid = {80CCD757-CAB8-4C98-884D-CFCB5F3FDF05}
	EndGlobalSection
EndGlobal
